
Microsoft Visual Studio Solution File, Format Version 12.00
# Visual Studio Version 16
VisualStudioVersion = 16.0.30320.27
MinimumVisualStudioVersion = 10.0.40219.1
Project("{FAE04EC0-301F-11D3-BF4B-00C04F79EFBC}") = "SamplesLabeling", "SamplesLabeling.csproj", "{C3C68084-8DC2-466E-867D-AD6981E8AF6A}"
EndProject
Global
	GlobalSection(SolutionConfigurationPlatforms) = preSolution
		Debug|Any CPU = Debug|Any CPU
		Release|Any CPU = Release|Any CPU
	EndGlobalSection
	GlobalSection(ProjectConfigurationPlatforms) = postSolution
		{C3C68084-8DC2-466E-867D-AD6981E8AF6A}.Debug|Any CPU.ActiveCfg = Debug|Any CPU
		{C3C68084-8DC2-466E-867D-AD6981E8AF6A}.Debug|Any CPU.Build.0 = Debug|Any CPU
		{C3C68084-8DC2-466E-867D-AD6981E8AF6A}.Release|Any CPU.ActiveCfg = Release|Any CPU
		{C3C68084-8DC2-466E-867D-AD6981E8AF6A}.Release|Any CPU.Build.0 = Release|Any CPU
	EndGlobalSection
	GlobalSection(SolutionProperties) = preSolution
		HideSolutionNode = FALSE
	EndGlobalSection
	GlobalSection(ExtensibilityGlobals) = postSolution
		SolutionGuid = {9EA4EDF5-7547-4CAB-80DE-58E6CEF5759D}
	EndGlobalSection
EndGlobal
